// !$*UTF8*$!
{
	archiveVersion = 1;
	classes = {
	};
	objectVersion = 46;
	objects = {

/* Begin PBXBuildFile section */
		141483B01C76AB40003C7B98 /* libicucore.tbd in Frameworks */ = {isa = PBXBuildFile; fileRef = 141483AF1C76AB40003C7B98 /* libicucore.tbd */; };
		141483B21C76AB4C003C7B98 /* libc++.tbd in Frameworks */ = {isa = PBXBuildFile; fileRef = 141483B11C76AB4C003C7B98 /* libc++.tbd */; };
		141483B41C76AB53003C7B98 /* CFNetwork.framework in Frameworks */ = {isa = PBXBuildFile; fileRef = 141483B31C76AB53003C7B98 /* CFNetwork.framework */; };
		141483B61C76AB5A003C7B98 /* Security.framework in Frameworks */ = {isa = PBXBuildFile; fileRef = 141483B51C76AB5A003C7B98 /* Security.framework */; };
		141483B81C76AB64003C7B98 /* SystemConfiguration.framework in Frameworks */ = {isa = PBXBuildFile; fileRef = 141483B71C76AB64003C7B98 /* SystemConfiguration.framework */; };
		1414B2CE1C7692BD00F84FB3 /* AppDelegate.swift in Sources */ = {isa = PBXBuildFile; fileRef = 1414B2CD1C7692BD00F84FB3 /* AppDelegate.swift */; };
		1414B2D01C7692BD00F84FB3 /* ViewController.swift in Sources */ = {isa = PBXBuildFile; fileRef = 1414B2CF1C7692BD00F84FB3 /* ViewController.swift */; };
		1414B2D51C7692BD00F84FB3 /* Assets.xcassets in Resources */ = {isa = PBXBuildFile; fileRef = 1414B2D41C7692BD00F84FB3 /* Assets.xcassets */; };
		1414B2D81C7692BD00F84FB3 /* LaunchScreen.storyboard in Resources */ = {isa = PBXBuildFile; fileRef = 1414B2D61C7692BD00F84FB3 /* LaunchScreen.storyboard */; };
		1414B2E01C76953800F84FB3 /* Firebase.framework in Frameworks */ = {isa = PBXBuildFile; fileRef = 1414B2DF1C76953800F84FB3 /* Firebase.framework */; };
/* End PBXBuildFile section */

/* Begin PBXFileReference section */
		141483AF1C76AB40003C7B98 /* libicucore.tbd */ = {isa = PBXFileReference; lastKnownFileType = "sourcecode.text-based-dylib-definition"; name = libicucore.tbd; path = usr/lib/libicucore.tbd; sourceTree = SDKROOT; };
		141483B11C76AB4C003C7B98 /* libc++.tbd */ = {isa = PBXFileReference; lastKnownFileType = "sourcecode.text-based-dylib-definition"; name = "libc++.tbd"; path = "usr/lib/libc++.tbd"; sourceTree = SDKROOT; };
		141483B31C76AB53003C7B98 /* CFNetwork.framework */ = {isa = PBXFileReference; lastKnownFileType = wrapper.framework; name = CFNetwork.framework; path = System/Library/Frameworks/CFNetwork.framework; sourceTree = SDKROOT; };
		141483B51C76AB5A003C7B98 /* Security.framework */ = {isa = PBXFileReference; lastKnownFileType = wrapper.framework; name = Security.framework; path = System/Library/Frameworks/Security.framework; sourceTree = SDKROOT; };
		141483B71C76AB64003C7B98 /* SystemConfiguration.framework */ = {isa = PBXFileReference; lastKnownFileType = wrapper.framework; name = SystemConfiguration.framework; path = System/Library/Frameworks/SystemConfiguration.framework; sourceTree = SDKROOT; };
		1414B2CA1C7692BD00F84FB3 /* CheverusChess.app */ = {isa = PBXFileReference; explicitFileType = wrapper.application; includeInIndex = 0; path = CheverusChess.app; sourceTree = BUILT_PRODUCTS_DIR; };
		1414B2CD1C7692BD00F84FB3 /* AppDelegate.swift */ = {isa = PBXFileReference; lastKnownFileType = sourcecode.swift; path = AppDelegate.swift; sourceTree = "<group>"; };
		1414B2CF1C7692BD00F84FB3 /* ViewController.swift */ = {isa = PBXFileReference; lastKnownFileType = sourcecode.swift; path = ViewController.swift; sourceTree = "<group>"; };
		1414B2D41C7692BD00F84FB3 /* Assets.xcassets */ = {isa = PBXFileReference; lastKnownFileType = folder.assetcatalog; path = Assets.xcassets; sourceTree = "<group>"; };
		1414B2D71C7692BD00F84FB3 /* Base */ = {isa = PBXFileReference; lastKnownFileType = file.storyboard; name = Base; path = Base.lproj/LaunchScreen.storyboard; sourceTree = "<group>"; };
		1414B2D91C7692BD00F84FB3 /* Info.plist */ = {isa = PBXFileReference; lastKnownFileType = text.plist.xml; path = Info.plist; sourceTree = "<group>"; };
		1414B2DF1C76953800F84FB3 /* Firebase.framework */ = {isa = PBXFileReference; lastKnownFileType = wrapper.framework; path = Firebase.framework; sourceTree = "<group>"; };
/* End PBXFileReference section */

/* Begin PBXFrameworksBuildPhase section */
		1414B2C71C7692BD00F84FB3 /* Frameworks */ = {
			isa = PBXFrameworksBuildPhase;
			buildActionMask = 2147483647;
			files = (
				141483B81C76AB64003C7B98 /* SystemConfiguration.framework in Frameworks */,
				141483B61C76AB5A003C7B98 /* Security.framework in Frameworks */,
				141483B41C76AB53003C7B98 /* CFNetwork.framework in Frameworks */,
				141483B21C76AB4C003C7B98 /* libc++.tbd in Frameworks */,
				141483B01C76AB40003C7B98 /* libicucore.tbd in Frameworks */,
				1414B2E01C76953800F84FB3 /* Firebase.framework in Frameworks */,
			);
			runOnlyForDeploymentPostprocessing = 0;
		};
/* End PBXFrameworksBuildPhase section */

/* Begin PBXGroup section */
		1414B2C11C7692BD00F84FB3 = {
			isa = PBXGroup;
			children = (
				141483B71C76AB64003C7B98 /* SystemConfiguration.framework */,
				141483B51C76AB5A003C7B98 /* Security.framework */,
				141483B31C76AB53003C7B98 /* CFNetwork.framework */,
				141483B11C76AB4C003C7B98 /* libc++.tbd */,
				141483AF1C76AB40003C7B98 /* libicucore.tbd */,
				1414B2DF1C76953800F84FB3 /* Firebase.framework */,
				1414B2CC1C7692BD00F84FB3 /* CheverusChess */,
				1414B2CB1C7692BD00F84FB3 /* Products */,
			);
			sourceTree = "<group>";
		};
		1414B2CB1C7692BD00F84FB3 /* Products */ = {
			isa = PBXGroup;
			children = (
				1414B2CA1C7692BD00F84FB3 /* CheverusChess.app */,
			);
			name = Products;
			sourceTree = "<group>";
		};
		1414B2CC1C7692BD00F84FB3 /* CheverusChess */ = {
			isa = PBXGroup;
			children = (
				1414B2CD1C7692BD00F84FB3 /* AppDelegate.swift */,
				1414B2CF1C7692BD00F84FB3 /* ViewController.swift */,
				1414B2D41C7692BD00F84FB3 /* Assets.xcassets */,
				1414B2D61C7692BD00F84FB3 /* LaunchScreen.storyboard */,
				1414B2D91C7692BD00F84FB3 /* Info.plist */,
			);
			path = CheverusChess;
			sourceTree = "<group>";
		};
/* End PBXGroup section */

/* Begin PBXNativeTarget section */
		1414B2C91C7692BD00F84FB3 /* CheverusChess */ = {
			isa = PBXNativeTarget;
			buildConfigurationList = 1414B2DC1C7692BD00F84FB3 /* Build configuration list for PBXNativeTarget "CheverusChess" */;
			buildPhases = (
				1414B2C61C7692BD00F84FB3 /* Sources */,
				1414B2C71C7692BD00F84FB3 /* Frameworks */,
				1414B2C81C7692BD00F84FB3 /* Resources */,
			);
			buildRules = (
			);
			dependencies = (
			);
			name = CheverusChess;
			productName = CheverusChess;
			productReference = 1414B2CA1C7692BD00F84FB3 /* CheverusChess.app */;
			productType = "com.apple.product-type.application";
		};
/* End PBXNativeTarget section */

/* Begin PBXProject section */
		1414B2C21C7692BD00F84FB3 /* Project object */ = {
			isa = PBXProject;
			attributes = {
				LastSwiftUpdateCheck = 0720;
				LastUpgradeCheck = 0720;
				ORGANIZATIONNAME = "Ben Swift";
				TargetAttributes = {
					1414B2C91C7692BD00F84FB3 = {
						CreatedOnToolsVersion = 7.2;
					};
				};
			};
			buildConfigurationList = 1414B2C51C7692BD00F84FB3 /* Build configuration list for PBXProject "CheverusChess" */;
			compatibilityVersion = "Xcode 3.2";
			developmentRegion = English;
			hasScannedForEncodings = 0;
			knownRegions = (
				en,
				Base,
			);
			mainGroup = 1414B2C11C7692BD00F84FB3;
			productRefGroup = 1414B2CB1C7692BD00F84FB3 /* Products */;
			projectDirPath = "";
			projectRoot = "";
			targets = (
				1414B2C91C7692BD00F84FB3 /* CheverusChess */,
			);
		};
/* End PBXProject section */

/* Begin PBXResourcesBuildPhase section */
		1414B2C81C7692BD00F84FB3 /* Resources */ = {
			isa = PBXResourcesBuildPhase;
			buildActionMask = 2147483647;
			files = (
				1414B2D81C7692BD00F84FB3 /* LaunchScreen.storyboard in Resources */,
				1414B2D51C7692BD00F84FB3 /* Assets.xcassets in Resources */,
			);
			runOnlyForDeploymentPostprocessing = 0;
		};
/* End PBXResourcesBuildPhase section */

/* Begin PBXSourcesBuildPhase section */
		1414B2C61C7692BD00F84FB3 /* Sources */ = {
			isa = PBXSourcesBuildPhase;
			buildActionMask = 2147483647;
			files = (
				1414B2D01C7692BD00F84FB3 /* ViewController.swift in Sources */,
				1414B2CE1C7692BD00F84FB3 /* AppDelegate.swift in Sources */,
			);
			runOnlyForDeploymentPostprocessing = 0;
		};
/* End PBXSourcesBuildPhase section */

/* Begin PBXVariantGroup section */
		1414B2D61C7692BD00F84FB3 /* LaunchScreen.storyboard */ = {
			isa = PBXVariantGroup;
			children = (
				1414B2D71C7692BD00F84FB3 /* Base */,
			);
			name = LaunchScreen.storyboard;
			sourceTree = "<group>";
		};
/* End PBXVariantGroup section */

/* Begin XCBuildConfiguration section */
		1414B2DA1C7692BD00F84FB3 /* Debug */ = {
			isa = XCBuildConfiguration;
			buildSettings = {
				ALWAYS_SEARCH_USER_PATHS = NO;
				CLANG_CXX_LANGUAGE_STANDARD = "gnu++0x";
				CLANG_CXX_LIBRARY = "libc++";
				CLANG_ENABLE_MODULES = YES;
				CLANG_ENABLE_OBJC_ARC = YES;
				CLANG_WARN_BOOL_CONVERSION = YES;
				CLANG_WARN_CONSTANT_CONVERSION = YES;
				CLANG_WARN_DIRECT_OBJC_ISA_USAGE = YES_ERROR;
				CLANG_WARN_EMPTY_BODY = YES;
				CLANG_WARN_ENUM_CONVERSION = YES;
				CLANG_WARN_INT_CONVERSION = YES;
				CLANG_WARN_OBJC_ROOT_CLASS = YES_ERROR;
				CLANG_WARN_UNREACHABLE_CODE = YES;
				CLANG_WARN__DUPLICATE_METHOD_MATCH = YES;
				"CODE_SIGN_IDENTITY[sdk=iphoneos*]" = "iPhone Developer";
				COPY_PHASE_STRIP = NO;
				DEBUG_INFORMATION_FORMAT = dwarf;
				ENABLE_STRICT_OBJC_MSGSEND = YES;
				ENABLE_TESTABILITY = YES;
				GCC_C_LANGUAGE_STANDARD = gnu99;
				GCC_DYNAMIC_NO_PIC = NO;
				GCC_NO_COMMON_BLOCKS = YES;
				GCC_OPTIMIZATION_LEVEL = 0;
				GCC_PREPROCESSOR_DEFINITIONS = (
					"DEBUG=1",
					"$(inherited)",
				);
				GCC_WARN_64_TO_32_BIT_CONVERSION = YES;
				GCC_WARN_ABOUT_RETURN_TYPE = YES_ERROR;
				GCC_WARN_UNDECLARED_SELECTOR = YES;
				GCC_WARN_UNINITIALIZED_AUTOS = YES_AGGRESSIVE;
				GCC_WARN_UNUSED_FUNCTION = YES;
				GCC_WARN_UNUSED_VARIABLE = YES;
				IPHONEOS_DEPLOYMENT_TARGET = 9.2;
				MTL_ENABLE_DEBUG_INFO = YES;
				ONLY_ACTIVE_ARCH = YES;
				SDKROOT = iphoneos;
				SWIFT_OPTIMIZATION_LEVEL = "-Onone";
			};
			name = Debug;
		};
		1414B2DB1C7692BD00F84FB3 /* Release */ = {
			isa = XCBuildConfiguration;
			buildSettings = {
				ALWAYS_SEARCH_USER_PATHS = NO;
				CLANG_CXX_LANGUAGE_STANDARD = "gnu++0x";
				CLANG_CXX_LIBRARY = "libc++";
				CLANG_ENABLE_MODULES = YES;
				CLANG_ENABLE_OBJC_ARC = YES;
				CLANG_WARN_BOOL_CONVERSION = YES;
				CLANG_WARN_CONSTANT_CONVERSION = YES;
				CLANG_WARN_DIRECT_OBJC_ISA_USAGE = YES_ERROR;
				CLANG_WARN_EMPTY_BODY = YES;
				CLANG_WARN_ENUM_CONVERSION = YES;
				CLANG_WARN_INT_CONVERSION = YES;
				CLANG_WARN_OBJC_ROOT_CLASS = YES_ERROR;
				CLANG_WARN_UNREACHABLE_CODE = YES;
				CLANG_WARN__DUPLICATE_METHOD_MATCH = YES;
				"CODE_SIGN_IDENTITY[sdk=iphoneos*]" = "iPhone Developer";
				COPY_PHASE_STRIP = NO;
				DEBUG_INFORMATION_FORMAT = "dwarf-with-dsym";
				ENABLE_NS_ASSERTIONS = NO;
				ENABLE_STRICT_OBJC_MSGSEND = YES;
				GCC_C_LANGUAGE_STANDARD = gnu99;
				GCC_NO_COMMON_BLOCKS = YES;
				GCC_WARN_64_TO_32_BIT_CONVERSION = YES;
				GCC_WARN_ABOUT_RETURN_TYPE = YES_ERROR;
				GCC_WARN_UNDECLARED_SELECTOR = YES;
				GCC_WARN_UNINITIALIZED_AUTOS = YES_AGGRESSIVE;
				GCC_WARN_UNUSED_FUNCTION = YES;
				GCC_WARN_UNUSED_VARIABLE = YES;
				IPHONEOS_DEPLOYMENT_TARGET = 9.2;
				MTL_ENABLE_DEBUG_INFO = NO;
				SDKROOT = iphoneos;
				VALIDATE_PRODUCT = YES;
			};
			name = Release;
		};
		1414B2DD1C7692BD00F84FB3 /* Debug */ = {
			isa = XCBuildConfiguration;
			buildSettings = {
				ASSETCATALOG_COMPILER_APPICON_NAME = AppIcon;
				FRAMEWORK_SEARCH_PATHS = (
					"$(inherited)",
					"$(PROJECT_DIR)",
				);
				INFOPLIST_FILE = CheverusChess/Info.plist;
				LD_RUNPATH_SEARCH_PATHS = "$(inherited) @executable_path/Frameworks";
				PRODUCT_BUNDLE_IDENTIFIER = com.rodiart.CheverusChess;
				PRODUCT_NAME = "$(TARGET_NAME)";
			};
			name = Debug;
		};
		1414B2DE1C7692BD00F84FB3 /* Release */ = {
			isa = XCBuildConfiguration;
			buildSettings = {
				ASSETCATALOG_COMPILER_APPICON_NAME = AppIcon;
				FRAMEWORK_SEARCH_PATHS = (
					"$(inherited)",
					"$(PROJECT_DIR)",
				);
				INFOPLIST_FILE = CheverusChess/Info.plist;
				LD_RUNPATH_SEARCH_PATHS = "$(inherited) @executable_path/Frameworks";
				PRODUCT_BUNDLE_IDENTIFIER = com.rodiart.CheverusChess;
				PRODUCT_NAME = "$(TARGET_NAME)";
			};
			name = Release;
		};
/* End XCBuildConfiguration section */

/* Begin XCConfigurationList section */
		1414B2C51C7692BD00F84FB3 /* Build configuration list for PBXProject "CheverusChess" */ = {
			isa = XCConfigurationList;
			buildConfigurations = (
				1414B2DA1C7692BD00F84FB3 /* Debug */,
				1414B2DB1C7692BD00F84FB3 /* Release */,
			);
			defaultConfigurationIsVisible = 0;
			defaultConfigurationName = Release;
		};
		1414B2DC1C7692BD00F84FB3 /* Build configuration list for PBXNativeTarget "CheverusChess" */ = {
			isa = XCConfigurationList;
			buildConfigurations = (
				1414B2DD1C7692BD00F84FB3 /* Debug */,
				1414B2DE1C7692BD00F84FB3 /* Release */,
			);
			defaultConfigurationIsVisible = 0;
			defaultConfigurationName = Release;
		};
/* End XCConfigurationList section */
	};
	rootObject = 1414B2C21C7692BD00F84FB3 /* Project object */;
}
